{
    "_readme": [
        "This file locks the dependencies of your project to a known state",
        "Read more about it at https://getcomposer.org/doc/01-basic-usage.md#installing-dependencies",
        "This file is @generated automatically"
    ],
    "content-hash": "f2b1b403d91d24a9c4d56820bfab784b",
    "packages": [
        {
            "name": "mrax714/axphphtmldom",
            "version": "dev-main",
            "source": {
                "type": "git",
                "url": "https://github.com/mrax714/axphphtmldom.git",
                "reference": "70fdbce85f464b809e996137e57ee7c40425b62c"
            },
            "dist": {
                "type": "zip",
                "url": "https://api.github.com/repos/mrax714/axphphtmldom/zipball/70fdbce85f464b809e996137e57ee7c40425b62c",
                "reference": "70fdbce85f464b809e996137e57ee7c40425b62c",
                "shasum": ""
            },
            "default-branch": true,
            "type": "library",
            "autoload": {
                "psr-4": {
                    "mrax714\\axphphtmldom\\": "libs/"
                }
            },
            "notification-url": "https://packagist.org/downloads/",
            "license": [
                "0BSD"
            ],
            "authors": [
                {
                    "name": "axphphtmldom axphphtmldom",
                    "email": "axphphtmldom@cuab.sdde"
                }
            ],
            "description": "axphphtmldom",
            "support": {
                "issues": "https://github.com/mrax714/axphphtmldom/issues",
                "source": "https://github.com/mrax714/axphphtmldom/tree/main"
            },
            "time": "2021-06-30T23:45:57+00:00"
        },
        {
            "name": "mrax714/myrandom-uagent",
            "version": "dev-master",
            "source": {
                "type": "git",
                "url": "https://github.com/mrax714/myrandom-uagent.git",
                "reference": "d0cb29139108731f294e6c0326cf3e74a6be449b"
            },
            "dist": {
                "type": "zip",
                "url": "https://api.github.com/repos/mrax714/myrandom-uagent/zipball/d0cb29139108731f294e6c0326cf3e74a6be449b",
                "reference": "d0cb29139108731f294e6c0326cf3e74a6be449b",
                "shasum": ""
            },
            "default-branch": true,
            "type": "library",
            "autoload": {
                "psr-4": {
                    "mrax714\\myrandom-uagent\\": "libs/"
                }
            },
            "notification-url": "https://packagist.org/downloads/",
            "description": "A library for generating random User Agents",
            "keywords": [
                "scraping",
                "user-agent"
            ],
            "support": {
                "source": "https://github.com/mrax714/myrandom-uagent/tree/master"
            },
            "time": "2021-07-01T00:03:21+00:00"
        },
        {
            "name": "mrax714/phpwebspider",
            "version": "dev-master",
            "source": {
                "type": "git",
                "url": "https://github.com/mrax714/phpwebspider.git",
                "reference": "eec7690e89b5811ae0bf9c3fd2562d60de3d5d78"
            },
            "dist": {
                "type": "zip",
                "url": "https://api.github.com/repos/mrax714/phpwebspider/zipball/eec7690e89b5811ae0bf9c3fd2562d60de3d5d78",
                "reference": "eec7690e89b5811ae0bf9c3fd2562d60de3d5d78",
                "shasum": ""
            },
            "default-branch": true,
            "type": "library",
            "autoload": {
                "psr-4": {
                    "mrax714\\PHPWebSpider\\": "libs/"
                }
            },
            "notification-url": "https://packagist.org/downloads/",
            "license": [
                "0BSD"
            ],
            "authors": [
                {
                    "name": "Ufwe Hunfeld",
                    "email": "phpcfrawl@cuab.de"
                }
            ],
            "description": "PHPWebSpider",
            "support": {
                "source": "https://github.com/mrax714/phpwebspider/tree/master"
            },
            "time": "2021-06-30T23:43:46+00:00"
        },
        {
            "name": "php-curl-class/php-curl-class",
            "version": "dev-master",
            "source": {
                "type": "git",
                "url": "https://github.com/php-curl-class/php-curl-class.git",
                "reference": "8b73ad5b3556585282ad58a22689d54aef614a9d"
            },
            "dist": {
                "type": "zip",
                "url": "https://api.github.com/repos/php-curl-class/php-curl-class/zipball/8b73ad5b3556585282ad58a22689d54aef614a9d",
                "reference": "8b73ad5b3556585282ad58a22689d54aef614a9d",
                "shasum": ""
            },
            "require": {
                "ext-curl": "*",
                "php": ">=7.0"
            },
            "require-dev": {
                "ext-gd": "*",
                "phpunit/phpunit": "*",
                "squizlabs/php_codesniffer": "*"
            },
            "suggest": {
                "ext-mbstring": "*"
            },
            "default-branch": true,
            "type": "library",
            "autoload": {
                "psr-4": {
                    "Curl\\": "src/Curl/"
                }
            },
            "notification-url": "https://packagist.org/downloads/",
            "license": [
                "Unlicense"
            ],
            "authors": [
                {
                    "name": "Zach Borboa"
                }
            ],
            "description": "PHP Curl Class makes it easy to send HTTP requests and integrate with web APIs.",
            "homepage": "https://github.com/php-curl-class/php-curl-class",
            "keywords": [
                "API-Client",
                "api",
                "class",
                "client",
                "curl",
                "framework",
                "http",
                "http-client",
                "http-proxy",
                "json",
                "php",
                "php-curl",
                "php-curl-library",
                "proxy",
                "requests",
                "restful",
                "web-scraper",
                "web-scraping ",
                "web-service",
                "xml"
            ],
            "support": {
                "issues": "https://github.com/php-curl-class/php-curl-class/issues",
                "source": "https://github.com/php-curl-class/php-curl-class/tree/9.2.0"
            },
            "time": "2021-06-23T14:50:09+00:00"
        }
    ],
    "packages-dev": [],
    "aliases": [],
    "minimum-stability": "stable",
    "stability-flags": {
        "mrax714/axphphtmldom": 20,
        "mrax714/phpwebspider": 20,
        "mrax714/myrandom-uagent": 20,
        "php-curl-class/php-curl-class": 20
    },
    "prefer-stable": false,
    "prefer-lowest": false,
    "platform": [],
    "platform-dev": [],
    "plugin-api-version": "2.1.0"
}
